
Microsoft Visual Studio Solution File, Format Version 12.00
# Visual Studio Version 17
VisualStudioVersion = 17.8.35027.43
MinimumVisualStudioVersion = 10.0.40219.1
Project("{FAE04EC0-301F-11D3-BF4B-00C04F79EFBC}") = "As.Big-O.Consl", "As.Big-O.Consl\As.Big-O.Consl.csproj", "{96779EDB-1548-4167-8479-6338C5BA74AE}"
EndProject
Global
	GlobalSection(SolutionConfigurationPlatforms) = preSolution
		Debug|Any CPU = Debug|Any CPU
		Release|Any CPU = Release|Any CPU
	EndGlobalSection
	GlobalSection(ProjectConfigurationPlatforms) = postSolution
		{96779EDB-1548-4167-8479-6338C5BA74AE}.Debug|Any CPU.ActiveCfg = Debug|Any CPU
		{96779EDB-1548-4167-8479-6338C5BA74AE}.Debug|Any CPU.Build.0 = Debug|Any CPU
		{96779EDB-1548-4167-8479-6338C5BA74AE}.Release|Any CPU.ActiveCfg = Release|Any CPU
		{96779EDB-1548-4167-8479-6338C5BA74AE}.Release|Any CPU.Build.0 = Release|Any CPU
	EndGlobalSection
	GlobalSection(SolutionProperties) = preSolution
		HideSolutionNode = FALSE
	EndGlobalSection
	GlobalSection(ExtensibilityGlobals) = postSolution
		SolutionGuid = {9F66AF5B-61A7-4526-AE58-72188A45F0D7}
	EndGlobalSection
EndGlobal
